
Microsoft Visual Studio Solution File, Format Version 12.00
# Visual Studio Version 16
VisualStudioVersion = 16.0.31729.503
MinimumVisualStudioVersion = 10.0.40219.1
Project("{8BC9CEB8-8B4A-11D0-8D11-00A0C91BC942}") = "Project03", "Project03.vcxproj", "{B744BE7F-C724-412E-80F2-18F43CB10595}"
EndProject
Global
	GlobalSection(SolutionConfigurationPlatforms) = preSolution
		Debug|x64 = Debug|x64
		Debug|x86 = Debug|x86
		Release|x64 = Release|x64
		Release|x86 = Release|x86
	EndGlobalSection
	GlobalSection(ProjectConfigurationPlatforms) = postSolution
		{B744BE7F-C724-412E-80F2-18F43CB10595}.Debug|x64.ActiveCfg = Debug|x64
		{B744BE7F-C724-412E-80F2-18F43CB10595}.Debug|x64.Build.0 = Debug|x64
		{B744BE7F-C724-412E-80F2-18F43CB10595}.Debug|x86.ActiveCfg = Debug|Win32
		{B744BE7F-C724-412E-80F2-18F43CB10595}.Debug|x86.Build.0 = Debug|Win32
		{B744BE7F-C724-412E-80F2-18F43CB10595}.Release|x64.ActiveCfg = Release|x64
		{B744BE7F-C724-412E-80F2-18F43CB10595}.Release|x64.Build.0 = Release|x64
		{B744BE7F-C724-412E-80F2-18F43CB10595}.Release|x86.ActiveCfg = Release|Win32
		{B744BE7F-C724-412E-80F2-18F43CB10595}.Release|x86.Build.0 = Release|Win32
	EndGlobalSection
	GlobalSection(SolutionProperties) = preSolution
		HideSolutionNode = FALSE
	EndGlobalSection
	GlobalSection(ExtensibilityGlobals) = postSolution
		SolutionGuid = {5EEF25A3-F598-45FB-A5C8-665FDCBCC27E}
	EndGlobalSection
EndGlobal
